
Microsoft Visual Studio Solution File, Format Version 12.00
# Visual Studio Version 17
VisualStudioVersion = 17.7.34202.233
MinimumVisualStudioVersion = 10.0.40219.1
Project("{8BC9CEB8-8B4A-11D0-8D11-00A0C91BC942}") = "Bitwise_Practice", "Bitwise_Practice\Bitwise_Practice.vcxproj", "{2BD9E39C-14FB-4D5D-8CC3-29EC4A24867B}"
EndProject
Global
	GlobalSection(SolutionConfigurationPlatforms) = preSolution
		Debug|x64 = Debug|x64
		Debug|x86 = Debug|x86
		Release|x64 = Release|x64
		Release|x86 = Release|x86
	EndGlobalSection
	GlobalSection(ProjectConfigurationPlatforms) = postSolution
		{2BD9E39C-14FB-4D5D-8CC3-29EC4A24867B}.Debug|x64.ActiveCfg = Debug|x64
		{2BD9E39C-14FB-4D5D-8CC3-29EC4A24867B}.Debug|x64.Build.0 = Debug|x64
		{2BD9E39C-14FB-4D5D-8CC3-29EC4A24867B}.Debug|x86.ActiveCfg = Debug|Win32
		{2BD9E39C-14FB-4D5D-8CC3-29EC4A24867B}.Debug|x86.Build.0 = Debug|Win32
		{2BD9E39C-14FB-4D5D-8CC3-29EC4A24867B}.Release|x64.ActiveCfg = Release|x64
		{2BD9E39C-14FB-4D5D-8CC3-29EC4A24867B}.Release|x64.Build.0 = Release|x64
		{2BD9E39C-14FB-4D5D-8CC3-29EC4A24867B}.Release|x86.ActiveCfg = Release|Win32
		{2BD9E39C-14FB-4D5D-8CC3-29EC4A24867B}.Release|x86.Build.0 = Release|Win32
	EndGlobalSection
	GlobalSection(SolutionProperties) = preSolution
		HideSolutionNode = FALSE
	EndGlobalSection
	GlobalSection(ExtensibilityGlobals) = postSolution
		SolutionGuid = {1225F2B8-472E-4D99-98E1-43C4306919FE}
	EndGlobalSection
EndGlobal
